
Microsoft Visual Studio Solution File, Format Version 12.00
# Visual Studio Version 16
VisualStudioVersion = 16.0.31702.278
MinimumVisualStudioVersion = 10.0.40219.1
Project("{FAE04EC0-301F-11D3-BF4B-00C04F79EFBC}") = "TeamBuying", "TeamBuying.csproj", "{BC396788-20DE-4B03-BBDB-E3E717F2706C}"
EndProject
Project("{FAE04EC0-301F-11D3-BF4B-00C04F79EFBC}") = "TeamBuying.ORM", "..\TeamBuying.ORM\TeamBuying.ORM.csproj", "{ECC68744-6D6E-4695-BF14-B553516A028D}"
EndProject
Project("{FAE04EC0-301F-11D3-BF4B-00C04F79EFBC}") = "TeamBuying.Auth", "..\TeamBuying.Auth\TeamBuying.Auth.csproj", "{688C7C37-28F0-4938-911C-E65FD39DCD8B}"
EndProject
Project("{FAE04EC0-301F-11D3-BF4B-00C04F79EFBC}") = "TeamBuying.DB", "..\TeamBuying.DB\TeamBuying.DB.csproj", "{250BDFCC-F422-45DE-999B-BDE8FE08AEB2}"
EndProject
Global
	GlobalSection(SolutionConfigurationPlatforms) = preSolution
		Debug|Any CPU = Debug|Any CPU
		Release|Any CPU = Release|Any CPU
	EndGlobalSection
	GlobalSection(ProjectConfigurationPlatforms) = postSolution
		{BC396788-20DE-4B03-BBDB-E3E717F2706C}.Debug|Any CPU.ActiveCfg = Debug|Any CPU
		{BC396788-20DE-4B03-BBDB-E3E717F2706C}.Debug|Any CPU.Build.0 = Debug|Any CPU
		{BC396788-20DE-4B03-BBDB-E3E717F2706C}.Release|Any CPU.ActiveCfg = Release|Any CPU
		{BC396788-20DE-4B03-BBDB-E3E717F2706C}.Release|Any CPU.Build.0 = Release|Any CPU
		{ECC68744-6D6E-4695-BF14-B553516A028D}.Debug|Any CPU.ActiveCfg = Debug|Any CPU
		{ECC68744-6D6E-4695-BF14-B553516A028D}.Debug|Any CPU.Build.0 = Debug|Any CPU
		{ECC68744-6D6E-4695-BF14-B553516A028D}.Release|Any CPU.ActiveCfg = Release|Any CPU
		{ECC68744-6D6E-4695-BF14-B553516A028D}.Release|Any CPU.Build.0 = Release|Any CPU
		{688C7C37-28F0-4938-911C-E65FD39DCD8B}.Debug|Any CPU.ActiveCfg = Debug|Any CPU
		{688C7C37-28F0-4938-911C-E65FD39DCD8B}.Debug|Any CPU.Build.0 = Debug|Any CPU
		{688C7C37-28F0-4938-911C-E65FD39DCD8B}.Release|Any CPU.ActiveCfg = Release|Any CPU
		{688C7C37-28F0-4938-911C-E65FD39DCD8B}.Release|Any CPU.Build.0 = Release|Any CPU
		{250BDFCC-F422-45DE-999B-BDE8FE08AEB2}.Debug|Any CPU.ActiveCfg = Debug|Any CPU
		{250BDFCC-F422-45DE-999B-BDE8FE08AEB2}.Debug|Any CPU.Build.0 = Debug|Any CPU
		{250BDFCC-F422-45DE-999B-BDE8FE08AEB2}.Release|Any CPU.ActiveCfg = Release|Any CPU
		{250BDFCC-F422-45DE-999B-BDE8FE08AEB2}.Release|Any CPU.Build.0 = Release|Any CPU
	EndGlobalSection
	GlobalSection(SolutionProperties) = preSolution
		HideSolutionNode = FALSE
	EndGlobalSection
	GlobalSection(ExtensibilityGlobals) = postSolution
		SolutionGuid = {06AD6DD4-C482-4751-A265-5A57D3E1E65A}
	EndGlobalSection
EndGlobal
